
Microsoft Visual Studio Solution File, Format Version 12.00
# Visual Studio Version 17
VisualStudioVersion = 17.14.36327.8 d17.14
MinimumVisualStudioVersion = 10.0.40219.1
Project("{FAE04EC0-301F-11D3-BF4B-00C04F79EFBC}") = "netscan-lens", "netscan-lens.csproj", "{FD174378-563B-4B3B-94EC-69E98F6505C9}"
EndProject
Global
	GlobalSection(SolutionConfigurationPlatforms) = preSolution
		Debug|Any CPU = Debug|Any CPU
		Release|Any CPU = Release|Any CPU
	EndGlobalSection
	GlobalSection(ProjectConfigurationPlatforms) = postSolution
		{FD174378-563B-4B3B-94EC-69E98F6505C9}.Debug|Any CPU.ActiveCfg = Debug|Any CPU
		{FD174378-563B-4B3B-94EC-69E98F6505C9}.Debug|Any CPU.Build.0 = Debug|Any CPU
		{FD174378-563B-4B3B-94EC-69E98F6505C9}.Release|Any CPU.ActiveCfg = Release|Any CPU
		{FD174378-563B-4B3B-94EC-69E98F6505C9}.Release|Any CPU.Build.0 = Release|Any CPU
	EndGlobalSection
	GlobalSection(SolutionProperties) = preSolution
		HideSolutionNode = FALSE
	EndGlobalSection
	GlobalSection(ExtensibilityGlobals) = postSolution
		SolutionGuid = {CAC9B0DD-E241-48A6-B38D-C7F23C7E03C4}
	EndGlobalSection
EndGlobal
